schema: '2.0'
stages:
  data_cleaning:
    cmd: python E:/projects/Delivery-time-prediction-for-food-devlivery-industry/main_dvc.py
    deps:
    - path: artifacts\data_ingestion\swiggy.csv
      hash: md5
      md5: 0b050b37dfe6cfbfaa18d7cb4e454377
      size: 7772212
    - path: src\Deliveryprediction\components\_3_data_cleaning.py
      hash: md5
      md5: d5a15781428283172f1def8392a0939a
      size: 9998
    outs:
    - path: artifacts\data_cleaning\swiggy_cleaned.csv
      hash: md5
      md5: f8c60641d9cd7e3e6bf30c1494ad6df7
      size: 3851746
  data_preparation:
    cmd: python E:/projects/Delivery-time-prediction-for-food-devlivery-industry/main_dvc.py
    deps:
    - path: artifacts\data_cleaning\swiggy_cleaned.csv
      hash: md5
      md5: f8c60641d9cd7e3e6bf30c1494ad6df7
      size: 3851746
    - path: src\Deliveryprediction\components\step_4_data_preparation.py
      hash: md5
      md5: 150e6ddf43ab6f91cf3a3e7809aa89ac
      size: 1126
    params:
      params.yaml:
        PARAMS.random_state: 42
        PARAMS.test_size: 0.25
    outs:
    - path: artifacts\data_preparation\test.csv
      hash: md5
      md5: 72f64fd2b19a968c56736736ac88c6e2
      size: 962327
    - path: artifacts\data_preparation\train.csv
      hash: md5
      md5: 8c76f5d21e065dc82670efd10853e397
      size: 2886772
  data_transformation:
    cmd: python E:/projects/Delivery-time-prediction-for-food-devlivery-industry/main_dvc.py
    deps:
    - path: artifacts\data_cleaning\swiggy_cleaned.csv
      hash: md5
      md5: f8c60641d9cd7e3e6bf30c1494ad6df7
      size: 3851746
    - path: src\Deliveryprediction\components\step_5_data_transformation.py
      hash: md5
      md5: 5485baf8092dc0e52c0f560667d00b7d
      size: 5142
    outs:
    - path: artifacts\data_trans\models\preprocessor.joblib
      hash: md5
      md5: c4e41b72581d8801232af608fcdba23e
      size: 8493
    - path: artifacts\data_trans\test_trans.csv
      hash: md5
      md5: 9662a890b32e04f6679b3c3c372e6744
      size: 1354858
    - path: artifacts\data_trans\train_trans.csv
      hash: md5
      md5: 8c43983e0b925ac07685c1162d9d8fd8
      size: 4063875
  model_train:
    cmd: python E:/projects/Delivery-time-prediction-for-food-devlivery-industry/main_dvc.py
    deps:
    - path: artifacts\data_trans\train_trans.csv
      hash: md5
      md5: 8c43983e0b925ac07685c1162d9d8fd8
      size: 4063875
    - path: src\Deliveryprediction\components\step_6_model_training.py
      hash: md5
      md5: 4eb4fc737535b91dc71c3eaa2ce78ca0
      size: 4956
    params:
      params.yaml:
        LightGBM:
          n_estimators: 154
          max_depth: 27
          learning_rate: 0.22234435854395157
          subsample: 0.7592213724048168
          min_child_weight: 20
          min_split_gain: 0.004604680609280751
          reg_lambda: 97.81002379097947
          n_jobs: -1
        Random_Forest:
          n_estimators: 479
          criterion: squared_error
          max_depth: 17
          max_features: 1
          min_samples_split: 9
          min_samples_leaf: 2
          max_samples: 0.6603673526197066
          verbose: 1
          n_jobs: -1
    outs:
    - path: artifacts\model_trainer\models\model.joblib
      hash: md5
      md5: 3828fa1118c121a5cfc938ebeb143eb3
      size: 149396216
    - path: artifacts\model_trainer\models\power_transformer.joblib
      hash: md5
      md5: ced8006bcf447899d2f86eee462bd652
      size: 837
    - path: artifacts\model_trainer\models\stacking_regressor.joblib
      hash: md5
      md5: 34aa2ee5536c58bf033b29c768ec641e
      size: 149384666
