schema: '2.0'
stages:
  data_cleaning:
    cmd: python dvc_main/main_dvc.py
    deps:
    - path: artifacts/data_ingestion/swiggy.csv
      hash: md5
      md5: 0b050b37dfe6cfbfaa18d7cb4e454377
      size: 7772212
    - path: dvc_main/main_dvc.py
      hash: md5
      md5: 39163cc862a6fc47f7390b3262e0ff4c
      size: 3260
    outs:
    - path: artifacts/data_cleaning/swiggy_cleaned.csv
      hash: md5
      md5: f8c60641d9cd7e3e6bf30c1494ad6df7
      size: 3851746
  data_preparation:
    cmd: python dvc_main/data_prep.py
    deps:
    - path: artifacts/data_cleaning/swiggy_cleaned.csv
      hash: md5
      md5: f8c60641d9cd7e3e6bf30c1494ad6df7
      size: 3851746
    - path: dvc_main/data_prep.py
      hash: md5
      md5: 8d3351c69f0667894480ec754c59e00c
      size: 1347
    params:
      params.yaml:
        PARAMS.random_state: 45
        PARAMS.test_size: 0.22
    outs:
    - path: artifacts/data_preparation/test.csv
      hash: md5
      md5: 41a7a629f6f8aedb85f43a9018609cf3
      size: 846774
    - path: artifacts/data_preparation/train.csv
      hash: md5
      md5: d66ffce3532283fb5b064d97f59e0398
      size: 3002325
  data_transformation:
    cmd: python dvc_main/data_transf.py
    deps:
    - path: artifacts/data_preparation/test.csv
      hash: md5
      md5: 41a7a629f6f8aedb85f43a9018609cf3
      size: 846774
    - path: artifacts/data_preparation/train.csv
      hash: md5
      md5: d66ffce3532283fb5b064d97f59e0398
      size: 3002325
    - path: dvc_main/data_transf.py
      hash: md5
      md5: ce0380eb830d60fc745c6f5ab21df169
      size: 1092
    outs:
    - path: artifacts/data_trans/models/preprocessor.joblib
      hash: md5
      md5: 7c866eec1082e1b80f7eb84b80176380
      size: 8493
    - path: artifacts/data_trans/test_trans.csv
      hash: md5
      md5: c7e842517a7ed62ff5cdd86bfd69dca9
      size: 1192504
    - path: artifacts/data_trans/train_trans.csv
      hash: md5
      md5: 3ebe7dffc8595da7a84c1b0d2507f8db
      size: 4226229
  model_train:
    cmd: python dvc_main/model_train.py
    deps:
    - path: artifacts/data_trans/test_trans.csv
      hash: md5
      md5: c7e842517a7ed62ff5cdd86bfd69dca9
      size: 1192504
    - path: artifacts/data_trans/train_trans.csv
      hash: md5
      md5: 3ebe7dffc8595da7a84c1b0d2507f8db
      size: 4226229
    - path: dvc_main/model_train.py
      hash: md5
      md5: 9728b1d64c4095b3154579f5a27473dd
      size: 1073
    params:
      params.yaml:
        LightGBM:
          n_estimators: 154
          max_depth: 27
          learning_rate: 0.22234435854395157
          subsample: 0.7592213724048168
          min_child_weight: 20
          min_split_gain: 0.004604680609280751
          reg_lambda: 97.81002379097947
          n_jobs: -1
        Random_Forest:
          n_estimators: 479
          criterion: squared_error
          max_depth: 17
          max_features: 1
          min_samples_split: 9
          min_samples_leaf: 2
          max_samples: 0.6603673526197066
          verbose: 1
          n_jobs: -1
    outs:
    - path: artifacts/model_trainer/models/model.joblib
      hash: md5
      md5: 425c2f1145a3f233fde89dfaf55b45e8
      size: 154375672
    - path: artifacts/model_trainer/models/power_transformer.joblib
      hash: md5
      md5: b3c8ca4fbe84b85f6540186e7485a997
      size: 837
    - path: artifacts/model_trainer/models/stacking_regressor.joblib
      hash: md5
      md5: 6efbd5dc44c281a59c1a7ba78523802c
      size: 154364122
  model_evaluation:
    cmd: python dvc_main/model_eval.py
    deps:
    - path: artifacts/data_trans/test_trans.csv
      hash: md5
      md5: c7e842517a7ed62ff5cdd86bfd69dca9
      size: 1192504
    - path: artifacts/data_trans/train_trans.csv
      hash: md5
      md5: 3ebe7dffc8595da7a84c1b0d2507f8db
      size: 4226229
    - path: artifacts/model_trainer/models/model.joblib
      hash: md5
      md5: 425c2f1145a3f233fde89dfaf55b45e8
      size: 154375672
    - path: dvc_main/model_eval.py
      hash: md5
      md5: 0716db37b22979f661ecf118a884cc67
      size: 868
    params:
      params.yaml:
        LightGBM:
          n_estimators: 154
          max_depth: 27
          learning_rate: 0.22234435854395157
          subsample: 0.7592213724048168
          min_child_weight: 20
          min_split_gain: 0.004604680609280751
          reg_lambda: 97.81002379097947
          n_jobs: -1
        Random_Forest:
          n_estimators: 479
          criterion: squared_error
          max_depth: 17
          max_features: 1
          min_samples_split: 9
          min_samples_leaf: 2
          max_samples: 0.6603673526197066
          verbose: 1
          n_jobs: -1
    outs:
    - path: artifacts/model_evaluation/metrics.json
      hash: md5
      md5: 6d2c002fceaaaf7ce9990e4e1db424e4
      size: 220
  Model_register:
    cmd: 
      E:\projects\Delivery-time-prediction-for-food-devlivery-industry\dvc_main\model_register.py
    deps:
    - path: artifacts\model_evaluation\metrics.json
      hash: md5
      md5: 990618e17630f3598aebb55a6de32cf0
      size: 220
    - path: dvc_main\model_register.py
      hash: md5
      md5: fd4abff1ed093c1d9c6e53dfc9e887fd
      size: 761
  model_register:
    cmd: python dvc_main/model_register.py
    deps:
    - path: artifacts/model_evaluation/metrics.json
      hash: md5
      md5: 6d2c002fceaaaf7ce9990e4e1db424e4
      size: 220
    - path: dvc_main/model_register.py
      hash: md5
      md5: fd4abff1ed093c1d9c6e53dfc9e887fd
      size: 761
